
Microsoft Visual Studio Solution File, Format Version 12.00
# Visual Studio Version 17
VisualStudioVersion = 17.7.34024.191
MinimumVisualStudioVersion = 10.0.40219.1
Project("{FAE04EC0-301F-11D3-BF4B-00C04F79EFBC}") = "Stack2", "Stack2\Stack2.csproj", "{DC2066A4-9E52-42E4-A319-46B41EE409A8}"
EndProject
Global
	GlobalSection(SolutionConfigurationPlatforms) = preSolution
		Debug|Any CPU = Debug|Any CPU
		Release|Any CPU = Release|Any CPU
	EndGlobalSection
	GlobalSection(ProjectConfigurationPlatforms) = postSolution
		{DC2066A4-9E52-42E4-A319-46B41EE409A8}.Debug|Any CPU.ActiveCfg = Debug|Any CPU
		{DC2066A4-9E52-42E4-A319-46B41EE409A8}.Debug|Any CPU.Build.0 = Debug|Any CPU
		{DC2066A4-9E52-42E4-A319-46B41EE409A8}.Release|Any CPU.ActiveCfg = Release|Any CPU
		{DC2066A4-9E52-42E4-A319-46B41EE409A8}.Release|Any CPU.Build.0 = Release|Any CPU
	EndGlobalSection
	GlobalSection(SolutionProperties) = preSolution
		HideSolutionNode = FALSE
	EndGlobalSection
	GlobalSection(ExtensibilityGlobals) = postSolution
		SolutionGuid = {1C7E0FA4-B522-4CD9-9B4C-A6CE48B98ECC}
	EndGlobalSection
EndGlobal
