
Microsoft Visual Studio Solution File, Format Version 12.00
# Visual Studio Version 17
VisualStudioVersion = 17.7.34024.191
MinimumVisualStudioVersion = 10.0.40219.1
Project("{FAE04EC0-301F-11D3-BF4B-00C04F79EFBC}") = "zadatak11", "zadatak11\zadatak11.csproj", "{DF512A48-8F64-430C-9187-DC9DA811B162}"
EndProject
Global
	GlobalSection(SolutionConfigurationPlatforms) = preSolution
		Debug|Any CPU = Debug|Any CPU
		Release|Any CPU = Release|Any CPU
	EndGlobalSection
	GlobalSection(ProjectConfigurationPlatforms) = postSolution
		{DF512A48-8F64-430C-9187-DC9DA811B162}.Debug|Any CPU.ActiveCfg = Debug|Any CPU
		{DF512A48-8F64-430C-9187-DC9DA811B162}.Debug|Any CPU.Build.0 = Debug|Any CPU
		{DF512A48-8F64-430C-9187-DC9DA811B162}.Release|Any CPU.ActiveCfg = Release|Any CPU
		{DF512A48-8F64-430C-9187-DC9DA811B162}.Release|Any CPU.Build.0 = Release|Any CPU
	EndGlobalSection
	GlobalSection(SolutionProperties) = preSolution
		HideSolutionNode = FALSE
	EndGlobalSection
	GlobalSection(ExtensibilityGlobals) = postSolution
		SolutionGuid = {5EE8C39A-7C91-4164-995B-0E0E00DB1395}
	EndGlobalSection
EndGlobal
