
Microsoft Visual Studio Solution File, Format Version 12.00
# Visual Studio Version 17
VisualStudioVersion = 17.7.34024.191
MinimumVisualStudioVersion = 10.0.40219.1
Project("{FAE04EC0-301F-11D3-BF4B-00C04F79EFBC}") = "Stack3", "Stack3\Stack3.csproj", "{575BE9B1-BC37-4717-B6BF-C6AFD70B66C4}"
EndProject
Global
	GlobalSection(SolutionConfigurationPlatforms) = preSolution
		Debug|Any CPU = Debug|Any CPU
		Release|Any CPU = Release|Any CPU
	EndGlobalSection
	GlobalSection(ProjectConfigurationPlatforms) = postSolution
		{575BE9B1-BC37-4717-B6BF-C6AFD70B66C4}.Debug|Any CPU.ActiveCfg = Debug|Any CPU
		{575BE9B1-BC37-4717-B6BF-C6AFD70B66C4}.Debug|Any CPU.Build.0 = Debug|Any CPU
		{575BE9B1-BC37-4717-B6BF-C6AFD70B66C4}.Release|Any CPU.ActiveCfg = Release|Any CPU
		{575BE9B1-BC37-4717-B6BF-C6AFD70B66C4}.Release|Any CPU.Build.0 = Release|Any CPU
	EndGlobalSection
	GlobalSection(SolutionProperties) = preSolution
		HideSolutionNode = FALSE
	EndGlobalSection
	GlobalSection(ExtensibilityGlobals) = postSolution
		SolutionGuid = {F93617E1-9D68-49E2-AA69-E01BF7D5BC74}
	EndGlobalSection
EndGlobal
