
Microsoft Visual Studio Solution File, Format Version 12.00
# Visual Studio Version 17
VisualStudioVersion = 17.7.34024.191
MinimumVisualStudioVersion = 10.0.40219.1
Project("{FAE04EC0-301F-11D3-BF4B-00C04F79EFBC}") = "Hashtabele", "Hashtabele\Hashtabele.csproj", "{FEAFBA92-D394-4C2D-B8BB-98B4B06B71F1}"
EndProject
Global
	GlobalSection(SolutionConfigurationPlatforms) = preSolution
		Debug|Any CPU = Debug|Any CPU
		Release|Any CPU = Release|Any CPU
	EndGlobalSection
	GlobalSection(ProjectConfigurationPlatforms) = postSolution
		{FEAFBA92-D394-4C2D-B8BB-98B4B06B71F1}.Debug|Any CPU.ActiveCfg = Debug|Any CPU
		{FEAFBA92-D394-4C2D-B8BB-98B4B06B71F1}.Debug|Any CPU.Build.0 = Debug|Any CPU
		{FEAFBA92-D394-4C2D-B8BB-98B4B06B71F1}.Release|Any CPU.ActiveCfg = Release|Any CPU
		{FEAFBA92-D394-4C2D-B8BB-98B4B06B71F1}.Release|Any CPU.Build.0 = Release|Any CPU
	EndGlobalSection
	GlobalSection(SolutionProperties) = preSolution
		HideSolutionNode = FALSE
	EndGlobalSection
	GlobalSection(ExtensibilityGlobals) = postSolution
		SolutionGuid = {C3DD2FC4-5095-41D6-AE0A-F329B46C7107}
	EndGlobalSection
EndGlobal
