
Microsoft Visual Studio Solution File, Format Version 12.00
# Visual Studio Version 17
VisualStudioVersion = 17.7.34024.191
MinimumVisualStudioVersion = 10.0.40219.1
Project("{FAE04EC0-301F-11D3-BF4B-00C04F79EFBC}") = "Datoteke", "Datoteke\Datoteke.csproj", "{2CB3A674-33FF-4B01-9142-49FEA0C53F21}"
EndProject
Global
	GlobalSection(SolutionConfigurationPlatforms) = preSolution
		Debug|Any CPU = Debug|Any CPU
		Release|Any CPU = Release|Any CPU
	EndGlobalSection
	GlobalSection(ProjectConfigurationPlatforms) = postSolution
		{2CB3A674-33FF-4B01-9142-49FEA0C53F21}.Debug|Any CPU.ActiveCfg = Debug|Any CPU
		{2CB3A674-33FF-4B01-9142-49FEA0C53F21}.Debug|Any CPU.Build.0 = Debug|Any CPU
		{2CB3A674-33FF-4B01-9142-49FEA0C53F21}.Release|Any CPU.ActiveCfg = Release|Any CPU
		{2CB3A674-33FF-4B01-9142-49FEA0C53F21}.Release|Any CPU.Build.0 = Release|Any CPU
	EndGlobalSection
	GlobalSection(SolutionProperties) = preSolution
		HideSolutionNode = FALSE
	EndGlobalSection
	GlobalSection(ExtensibilityGlobals) = postSolution
		SolutionGuid = {B7914D15-AF94-4D0D-85EC-F34DF7780CE8}
	EndGlobalSection
EndGlobal
